
Microsoft Visual Studio Solution File, Format Version 12.00
# Visual Studio Version 17
VisualStudioVersion = 17.4.33403.182
MinimumVisualStudioVersion = 10.0.40219.1
Project("{54A90642-561A-4BB1-A94E-469ADEE60C69}") = "Client", "Client.esproj", "{96F9F1AD-6F55-4C6F-9D28-543AC639581A}"
EndProject
Global
	GlobalSection(SolutionConfigurationPlatforms) = preSolution
		Debug|Any CPU = Debug|Any CPU
		Release|Any CPU = Release|Any CPU
	EndGlobalSection
	GlobalSection(ProjectConfigurationPlatforms) = postSolution
		{96F9F1AD-6F55-4C6F-9D28-543AC639581A}.Debug|Any CPU.ActiveCfg = Debug|Any CPU
		{96F9F1AD-6F55-4C6F-9D28-543AC639581A}.Debug|Any CPU.Build.0 = Debug|Any CPU
		{96F9F1AD-6F55-4C6F-9D28-543AC639581A}.Debug|Any CPU.Deploy.0 = Debug|Any CPU
		{96F9F1AD-6F55-4C6F-9D28-543AC639581A}.Release|Any CPU.ActiveCfg = Release|Any CPU
		{96F9F1AD-6F55-4C6F-9D28-543AC639581A}.Release|Any CPU.Build.0 = Release|Any CPU
		{96F9F1AD-6F55-4C6F-9D28-543AC639581A}.Release|Any CPU.Deploy.0 = Release|Any CPU
	EndGlobalSection
	GlobalSection(SolutionProperties) = preSolution
		HideSolutionNode = FALSE
	EndGlobalSection
	GlobalSection(ExtensibilityGlobals) = postSolution
		SolutionGuid = {7506ED2D-9838-450B-88E1-61B92D048989}
	EndGlobalSection
EndGlobal
